
Microsoft Visual Studio Solution File, Format Version 12.00
# Visual Studio 15
VisualStudioVersion = 15.0.26124.0
MinimumVisualStudioVersion = 15.0.26124.0
Project("{FAE04EC0-301F-11D3-BF4B-00C04F79EFBC}") = "R5T.D0006.Construction", "R5T.D0006.Construction\R5T.D0006.Construction.csproj", "{EE63D978-7CE9-409D-9857-FFD1FADBE0AB}"
EndProject
Project("{FAE04EC0-301F-11D3-BF4B-00C04F79EFBC}") = "R5T.D0006", "R5T.D0006\R5T.D0006.csproj", "{AFC3A72F-7445-4647-AB3E-8726CA5C1834}"
EndProject
Global
	GlobalSection(SolutionConfigurationPlatforms) = preSolution
		Debug|Any CPU = Debug|Any CPU
		Debug|x64 = Debug|x64
		Debug|x86 = Debug|x86
		Release|Any CPU = Release|Any CPU
		Release|x64 = Release|x64
		Release|x86 = Release|x86
	EndGlobalSection
	GlobalSection(SolutionProperties) = preSolution
		HideSolutionNode = FALSE
	EndGlobalSection
	GlobalSection(ProjectConfigurationPlatforms) = postSolution
		{EE63D978-7CE9-409D-9857-FFD1FADBE0AB}.Debug|Any CPU.ActiveCfg = Debug|Any CPU
		{EE63D978-7CE9-409D-9857-FFD1FADBE0AB}.Debug|Any CPU.Build.0 = Debug|Any CPU
		{EE63D978-7CE9-409D-9857-FFD1FADBE0AB}.Debug|x64.ActiveCfg = Debug|Any CPU
		{EE63D978-7CE9-409D-9857-FFD1FADBE0AB}.Debug|x64.Build.0 = Debug|Any CPU
		{EE63D978-7CE9-409D-9857-FFD1FADBE0AB}.Debug|x86.ActiveCfg = Debug|Any CPU
		{EE63D978-7CE9-409D-9857-FFD1FADBE0AB}.Debug|x86.Build.0 = Debug|Any CPU
		{EE63D978-7CE9-409D-9857-FFD1FADBE0AB}.Release|Any CPU.ActiveCfg = Release|Any CPU
		{EE63D978-7CE9-409D-9857-FFD1FADBE0AB}.Release|Any CPU.Build.0 = Release|Any CPU
		{EE63D978-7CE9-409D-9857-FFD1FADBE0AB}.Release|x64.ActiveCfg = Release|Any CPU
		{EE63D978-7CE9-409D-9857-FFD1FADBE0AB}.Release|x64.Build.0 = Release|Any CPU
		{EE63D978-7CE9-409D-9857-FFD1FADBE0AB}.Release|x86.ActiveCfg = Release|Any CPU
		{EE63D978-7CE9-409D-9857-FFD1FADBE0AB}.Release|x86.Build.0 = Release|Any CPU
		{AFC3A72F-7445-4647-AB3E-8726CA5C1834}.Debug|Any CPU.ActiveCfg = Debug|Any CPU
		{AFC3A72F-7445-4647-AB3E-8726CA5C1834}.Debug|Any CPU.Build.0 = Debug|Any CPU
		{AFC3A72F-7445-4647-AB3E-8726CA5C1834}.Debug|x64.ActiveCfg = Debug|Any CPU
		{AFC3A72F-7445-4647-AB3E-8726CA5C1834}.Debug|x64.Build.0 = Debug|Any CPU
		{AFC3A72F-7445-4647-AB3E-8726CA5C1834}.Debug|x86.ActiveCfg = Debug|Any CPU
		{AFC3A72F-7445-4647-AB3E-8726CA5C1834}.Debug|x86.Build.0 = Debug|Any CPU
		{AFC3A72F-7445-4647-AB3E-8726CA5C1834}.Release|Any CPU.ActiveCfg = Release|Any CPU
		{AFC3A72F-7445-4647-AB3E-8726CA5C1834}.Release|Any CPU.Build.0 = Release|Any CPU
		{AFC3A72F-7445-4647-AB3E-8726CA5C1834}.Release|x64.ActiveCfg = Release|Any CPU
		{AFC3A72F-7445-4647-AB3E-8726CA5C1834}.Release|x64.Build.0 = Release|Any CPU
		{AFC3A72F-7445-4647-AB3E-8726CA5C1834}.Release|x86.ActiveCfg = Release|Any CPU
		{AFC3A72F-7445-4647-AB3E-8726CA5C1834}.Release|x86.Build.0 = Release|Any CPU
	EndGlobalSection
EndGlobal
